
Microsoft Visual Studio Solution File, Format Version 12.00
# Visual Studio Version 16
VisualStudioVersion = 16.0.30320.27
MinimumVisualStudioVersion = 10.0.40219.1
Project("{FAE04EC0-301F-11D3-BF4B-00C04F79EFBC}") = "DcsResPicker", "DcsResPicker\DcsResPicker.csproj", "{D52F1D70-7C4C-4693-A4E0-2FBAF980ADD8}"
EndProject
Global
	GlobalSection(SolutionConfigurationPlatforms) = preSolution
		Debug|Any CPU = Debug|Any CPU
		Release|Any CPU = Release|Any CPU
	EndGlobalSection
	GlobalSection(ProjectConfigurationPlatforms) = postSolution
		{D52F1D70-7C4C-4693-A4E0-2FBAF980ADD8}.Debug|Any CPU.ActiveCfg = Debug|Any CPU
		{D52F1D70-7C4C-4693-A4E0-2FBAF980ADD8}.Debug|Any CPU.Build.0 = Debug|Any CPU
		{D52F1D70-7C4C-4693-A4E0-2FBAF980ADD8}.Release|Any CPU.ActiveCfg = Release|Any CPU
		{D52F1D70-7C4C-4693-A4E0-2FBAF980ADD8}.Release|Any CPU.Build.0 = Release|Any CPU
	EndGlobalSection
	GlobalSection(SolutionProperties) = preSolution
		HideSolutionNode = FALSE
	EndGlobalSection
	GlobalSection(ExtensibilityGlobals) = postSolution
		SolutionGuid = {29910BB7-E1F7-484D-8CB2-EE08B9903CE3}
	EndGlobalSection
EndGlobal
